
Microsoft Visual Studio Solution File, Format Version 12.00
# Visual Studio Version 16
VisualStudioVersion = 16.0.31613.86
MinimumVisualStudioVersion = 10.0.40219.1
Project("{FAE04EC0-301F-11D3-BF4B-00C04F79EFBC}") = "SimplificarFracciones", "SimplificarFracciones\SimplificarFracciones.csproj", "{73D5964B-F6C1-4B9B-A2AC-25C2D58D573B}"
EndProject
Project("{FAE04EC0-301F-11D3-BF4B-00C04F79EFBC}") = "ControlarNombres", "ControlarNombres\ControlarNombres.csproj", "{DE8731D8-9406-4DA6-9EB3-2CACA87FDF62}"
EndProject
Global
	GlobalSection(SolutionConfigurationPlatforms) = preSolution
		Debug|Any CPU = Debug|Any CPU
		Release|Any CPU = Release|Any CPU
	EndGlobalSection
	GlobalSection(ProjectConfigurationPlatforms) = postSolution
		{73D5964B-F6C1-4B9B-A2AC-25C2D58D573B}.Debug|Any CPU.ActiveCfg = Debug|Any CPU
		{73D5964B-F6C1-4B9B-A2AC-25C2D58D573B}.Debug|Any CPU.Build.0 = Debug|Any CPU
		{73D5964B-F6C1-4B9B-A2AC-25C2D58D573B}.Release|Any CPU.ActiveCfg = Release|Any CPU
		{73D5964B-F6C1-4B9B-A2AC-25C2D58D573B}.Release|Any CPU.Build.0 = Release|Any CPU
		{DE8731D8-9406-4DA6-9EB3-2CACA87FDF62}.Debug|Any CPU.ActiveCfg = Debug|Any CPU
		{DE8731D8-9406-4DA6-9EB3-2CACA87FDF62}.Debug|Any CPU.Build.0 = Debug|Any CPU
		{DE8731D8-9406-4DA6-9EB3-2CACA87FDF62}.Release|Any CPU.ActiveCfg = Release|Any CPU
		{DE8731D8-9406-4DA6-9EB3-2CACA87FDF62}.Release|Any CPU.Build.0 = Release|Any CPU
	EndGlobalSection
	GlobalSection(SolutionProperties) = preSolution
		HideSolutionNode = FALSE
	EndGlobalSection
	GlobalSection(ExtensibilityGlobals) = postSolution
		SolutionGuid = {F1DE4936-669D-481F-8B59-56ADB33ECE22}
	EndGlobalSection
EndGlobal
