
Microsoft Visual Studio Solution File, Format Version 12.00
# Visual Studio Version 16
VisualStudioVersion = 16.0.31613.86
MinimumVisualStudioVersion = 10.0.40219.1
Project("{FAE04EC0-301F-11D3-BF4B-00C04F79EFBC}") = "Covid19Casos.Server", "Covid19Casos\Server\Covid19Casos.Server.csproj", "{39F3E702-4424-43A2-A920-5AB7AC64C59D}"
EndProject
Project("{FAE04EC0-301F-11D3-BF4B-00C04F79EFBC}") = "Covid19Casos.Client", "Covid19Casos\Client\Covid19Casos.Client.csproj", "{6A90E484-3763-43F0-8F41-CC2E1EF72D41}"
EndProject
Project("{FAE04EC0-301F-11D3-BF4B-00C04F79EFBC}") = "Covid19Casos.Shared", "Covid19Casos\Shared\Covid19Casos.Shared.csproj", "{B41C2516-D358-403C-B8AF-E4D2E050C6C5}"
EndProject
Global
	GlobalSection(SolutionConfigurationPlatforms) = preSolution
		Debug|Any CPU = Debug|Any CPU
		Release|Any CPU = Release|Any CPU
	EndGlobalSection
	GlobalSection(ProjectConfigurationPlatforms) = postSolution
		{39F3E702-4424-43A2-A920-5AB7AC64C59D}.Debug|Any CPU.ActiveCfg = Debug|Any CPU
		{39F3E702-4424-43A2-A920-5AB7AC64C59D}.Debug|Any CPU.Build.0 = Debug|Any CPU
		{39F3E702-4424-43A2-A920-5AB7AC64C59D}.Release|Any CPU.ActiveCfg = Release|Any CPU
		{39F3E702-4424-43A2-A920-5AB7AC64C59D}.Release|Any CPU.Build.0 = Release|Any CPU
		{6A90E484-3763-43F0-8F41-CC2E1EF72D41}.Debug|Any CPU.ActiveCfg = Debug|Any CPU
		{6A90E484-3763-43F0-8F41-CC2E1EF72D41}.Debug|Any CPU.Build.0 = Debug|Any CPU
		{6A90E484-3763-43F0-8F41-CC2E1EF72D41}.Release|Any CPU.ActiveCfg = Release|Any CPU
		{6A90E484-3763-43F0-8F41-CC2E1EF72D41}.Release|Any CPU.Build.0 = Release|Any CPU
		{B41C2516-D358-403C-B8AF-E4D2E050C6C5}.Debug|Any CPU.ActiveCfg = Debug|Any CPU
		{B41C2516-D358-403C-B8AF-E4D2E050C6C5}.Debug|Any CPU.Build.0 = Debug|Any CPU
		{B41C2516-D358-403C-B8AF-E4D2E050C6C5}.Release|Any CPU.ActiveCfg = Release|Any CPU
		{B41C2516-D358-403C-B8AF-E4D2E050C6C5}.Release|Any CPU.Build.0 = Release|Any CPU
	EndGlobalSection
	GlobalSection(SolutionProperties) = preSolution
		HideSolutionNode = FALSE
	EndGlobalSection
	GlobalSection(ExtensibilityGlobals) = postSolution
		SolutionGuid = {0C1B5E63-B6FB-4A66-8644-E2DCBBBCCF6C}
	EndGlobalSection
EndGlobal
